Microsoft Visual Studio Solution File, Format Version 12.00
# Visual Studio Version 17
VisualStudioVersion = 17.1.32328.378
MinimumVisualStudioVersion = 10.0.40219.1
Project("{9A19103F-16F7-4668-BE54-9A1E7A4F7556}") = "SilkFlo.Web", "SilkFlo.Web\SilkFlo.Web.csproj", "{7067F5F0-8964-42B9-9A0C-AC6FD29DB013}"
EndProject
Project("{FAE04EC0-301F-11D3-BF4B-00C04F79EFBC}") = "SilkFlow.Api", "SilkFlow.Api\SilkFlow.Api.csproj", "{CBC25834-C40B-4FF9-A6C1-2E115C8D08C3}"
EndProject
Global
	GlobalSection(SolutionConfigurationPlatforms) = preSolution
		Debug|Any CPU = Debug|Any CPU
		Release|Any CPU = Release|Any CPU
		Test|Any CPU = Test|Any CPU
	EndGlobalSection
	GlobalSection(ProjectConfigurationPlatforms) = postSolution
		{7067F5F0-8964-42B9-9A0C-AC6FD29DB013}.Debug|Any CPU.ActiveCfg = Debug|Any CPU
		{7067F5F0-8964-42B9-9A0C-AC6FD29DB013}.Debug|Any CPU.Build.0 = Debug|Any CPU
		{7067F5F0-8964-42B9-9A0C-AC6FD29DB013}.Release|Any CPU.ActiveCfg = Release|Any CPU
		{7067F5F0-8964-42B9-9A0C-AC6FD29DB013}.Release|Any CPU.Build.0 = Release|Any CPU
		{7067F5F0-8964-42B9-9A0C-AC6FD29DB013}.Test|Any CPU.ActiveCfg = Test|Any CPU
		{7067F5F0-8964-42B9-9A0C-AC6FD29DB013}.Test|Any CPU.Build.0 = Test|Any CPU
		{CBC25834-C40B-4FF9-A6C1-2E115C8D08C3}.Debug|Any CPU.ActiveCfg = Debug|Any CPU
		{CBC25834-C40B-4FF9-A6C1-2E115C8D08C3}.Debug|Any CPU.Build.0 = Debug|Any CPU
		{CBC25834-C40B-4FF9-A6C1-2E115C8D08C3}.Release|Any CPU.ActiveCfg = Release|Any CPU
		{CBC25834-C40B-4FF9-A6C1-2E115C8D08C3}.Release|Any CPU.Build.0 = Release|Any CPU
		{CBC25834-C40B-4FF9-A6C1-2E115C8D08C3}.Test|Any CPU.ActiveCfg = Debug|Any CPU
		{CBC25834-C40B-4FF9-A6C1-2E115C8D08C3}.Test|Any CPU.Build.0 = Debug|Any CPU
	EndGlobalSection
	GlobalSection(SolutionProperties) = preSolution
		HideSolutionNode = FALSE
	EndGlobalSection
	GlobalSection(ExtensibilityGlobals) = postSolution
		SolutionGuid = {0DE86216-18C0-4EDD-9297-2D816726CBC0}
	EndGlobalSection
EndGlobal
